// !$*UTF8*$!
{
	archiveVersion = 1;
	classes = {
	};
	objectVersion = 55;
	objects = {

/* Begin PBXBuildFile section */
		FED097C829098D4B00ACB4D0 /* AppDelegate.swift in Sources */ = {isa = PBXBuildFile; fileRef = FED097C729098D4B00ACB4D0 /* AppDelegate.swift */; };
		FED097CA29098D4B00ACB4D0 /* SceneDelegate.swift in Sources */ = {isa = PBXBuildFile; fileRef = FED097C929098D4B00ACB4D0 /* SceneDelegate.swift */; };
		FED097CC29098D4B00ACB4D0 /* ViewController.swift in Sources */ = {isa = PBXBuildFile; fileRef = FED097CB29098D4B00ACB4D0 /* ViewController.swift */; };
		FED097CF29098D4B00ACB4D0 /* Main.storyboard in Resources */ = {isa = PBXBuildFile; fileRef = FED097CD29098D4B00ACB4D0 /* Main.storyboard */; };
		FED097D229098D4B00ACB4D0 /* StoreKit_Purchases_Example.xcdatamodeld in Sources */ = {isa = PBXBuildFile; fileRef = FED097D029098D4B00ACB4D0 /* StoreKit_Purchases_Example.xcdatamodeld */; };
		FED097D429098D4D00ACB4D0 /* Assets.xcassets in Resources */ = {isa = PBXBuildFile; fileRef = FED097D329098D4D00ACB4D0 /* Assets.xcassets */; };
		FED097D729098D4D00ACB4D0 /* LaunchScreen.storyboard in Resources */ = {isa = PBXBuildFile; fileRef = FED097D529098D4D00ACB4D0 /* LaunchScreen.storyboard */; };
		FED097E229098D4E00ACB4D0 /* StoreKit_Purchases_ExampleTests.swift in Sources */ = {isa = PBXBuildFile; fileRef = FED097E129098D4E00ACB4D0 /* StoreKit_Purchases_ExampleTests.swift */; };
		FED097EC29098D4E00ACB4D0 /* StoreKit_Purchases_ExampleUITests.swift in Sources */ = {isa = PBXBuildFile; fileRef = FED097EB29098D4E00ACB4D0 /* StoreKit_Purchases_ExampleUITests.swift */; };
		FED097EE29098D4E00ACB4D0 /* StoreKit_Purchases_ExampleUITestsLaunchTests.swift in Sources */ = {isa = PBXBuildFile; fileRef = FED097ED29098D4E00ACB4D0 /* StoreKit_Purchases_ExampleUITestsLaunchTests.swift */; };
/* End PBXBuildFile section */

/* Begin PBXContainerItemProxy section */
		FED097DE29098D4E00ACB4D0 /* PBXContainerItemProxy */ = {
			isa = PBXContainerItemProxy;
			containerPortal = FED097BC29098D4B00ACB4D0 /* Project object */;
			proxyType = 1;
			remoteGlobalIDString = FED097C329098D4B00ACB4D0;
			remoteInfo = "StoreKit-Purchases-Example";
		};
		FED097E829098D4E00ACB4D0 /* PBXContainerItemProxy */ = {
			isa = PBXContainerItemProxy;
			containerPortal = FED097BC29098D4B00ACB4D0 /* Project object */;
			proxyType = 1;
			remoteGlobalIDString = FED097C329098D4B00ACB4D0;
			remoteInfo = "StoreKit-Purchases-Example";
		};
/* End PBXContainerItemProxy section */

/* Begin PBXFileReference section */
		FED097C429098D4B00ACB4D0 /* StoreKit-Purchases-Example.app */ = {isa = PBXFileReference; explicitFileType = wrapper.application; includeInIndex = 0; path = "StoreKit-Purchases-Example.app"; sourceTree = BUILT_PRODUCTS_DIR; };
		FED097C729098D4B00ACB4D0 /* AppDelegate.swift */ = {isa = PBXFileReference; lastKnownFileType = sourcecode.swift; path = AppDelegate.swift; sourceTree = "<group>"; };
		FED097C929098D4B00ACB4D0 /* SceneDelegate.swift */ = {isa = PBXFileReference; lastKnownFileType = sourcecode.swift; path = SceneDelegate.swift; sourceTree = "<group>"; };
		FED097CB29098D4B00ACB4D0 /* ViewController.swift */ = {isa = PBXFileReference; lastKnownFileType = sourcecode.swift; path = ViewController.swift; sourceTree = "<group>"; };
		FED097CE29098D4B00ACB4D0 /* Base */ = {isa = PBXFileReference; lastKnownFileType = file.storyboard; name = Base; path = Base.lproj/Main.storyboard; sourceTree = "<group>"; };
		FED097D129098D4B00ACB4D0 /* StoreKit_Purchases_Example.xcdatamodel */ = {isa = PBXFileReference; lastKnownFileType = wrapper.xcdatamodel; path = StoreKit_Purchases_Example.xcdatamodel; sourceTree = "<group>"; };
		FED097D329098D4D00ACB4D0 /* Assets.xcassets */ = {isa = PBXFileReference; lastKnownFileType = folder.assetcatalog; path = Assets.xcassets; sourceTree = "<group>"; };
		FED097D629098D4D00ACB4D0 /* Base */ = {isa = PBXFileReference; lastKnownFileType = file.storyboard; name = Base; path = Base.lproj/LaunchScreen.storyboard; sourceTree = "<group>"; };
		FED097D829098D4D00ACB4D0 /* Info.plist */ = {isa = PBXFileReference; lastKnownFileType = text.plist.xml; path = Info.plist; sourceTree = "<group>"; };
		FED097DD29098D4E00ACB4D0 /* StoreKit-Purchases-ExampleTests.xctest */ = {isa = PBXFileReference; explicitFileType = wrapper.cfbundle; includeInIndex = 0; path = "StoreKit-Purchases-ExampleTests.xctest"; sourceTree = BUILT_PRODUCTS_DIR; };
		FED097E129098D4E00ACB4D0 /* StoreKit_Purchases_ExampleTests.swift */ = {isa = PBXFileReference; lastKnownFileType = sourcecode.swift; path = StoreKit_Purchases_ExampleTests.swift; sourceTree = "<group>"; };
		FED097E729098D4E00ACB4D0 /* StoreKit-Purchases-ExampleUITests.xctest */ = {isa = PBXFileReference; explicitFileType = wrapper.cfbundle; includeInIndex = 0; path = "StoreKit-Purchases-ExampleUITests.xctest"; sourceTree = BUILT_PRODUCTS_DIR; };
		FED097EB29098D4E00ACB4D0 /* StoreKit_Purchases_ExampleUITests.swift */ = {isa = PBXFileReference; lastKnownFileType = sourcecode.swift; path = StoreKit_Purchases_ExampleUITests.swift; sourceTree = "<group>"; };
		FED097ED29098D4E00ACB4D0 /* StoreKit_Purchases_ExampleUITestsLaunchTests.swift */ = {isa = PBXFileReference; lastKnownFileType = sourcecode.swift; path = StoreKit_Purchases_ExampleUITestsLaunchTests.swift; sourceTree = "<group>"; };
/* End PBXFileReference section */

/* Begin PBXFrameworksBuildPhase section */
		FED097C129098D4B00ACB4D0 /* Frameworks */ = {
			isa = PBXFrameworksBuildPhase;
			buildActionMask = 2147483647;
			files = (
			);
			runOnlyForDeploymentPostprocessing = 0;
		};
		FED097DA29098D4E00ACB4D0 /* Frameworks */ = {
			isa = PBXFrameworksBuildPhase;
			buildActionMask = 2147483647;
			files = (
			);
			runOnlyForDeploymentPostprocessing = 0;
		};
		FED097E429098D4E00ACB4D0 /* Frameworks */ = {
			isa = PBXFrameworksBuildPhase;
			buildActionMask = 2147483647;
			files = (
			);
			runOnlyForDeploymentPostprocessing = 0;
		};
/* End PBXFrameworksBuildPhase section */

/* Begin PBXGroup section */
		FED097BB29098D4B00ACB4D0 = {
			isa = PBXGroup;
			children = (
				FED097C629098D4B00ACB4D0 /* StoreKit-Purchases-Example */,
				FED097E029098D4E00ACB4D0 /* StoreKit-Purchases-ExampleTests */,
				FED097EA29098D4E00ACB4D0 /* StoreKit-Purchases-ExampleUITests */,
				FED097C529098D4B00ACB4D0 /* Products */,
			);
			sourceTree = "<group>";
		};
		FED097C529098D4B00ACB4D0 /* Products */ = {
			isa = PBXGroup;
			children = (
				FED097C429098D4B00ACB4D0 /* StoreKit-Purchases-Example.app */,
				FED097DD29098D4E00ACB4D0 /* StoreKit-Purchases-ExampleTests.xctest */,
				FED097E729098D4E00ACB4D0 /* StoreKit-Purchases-ExampleUITests.xctest */,
			);
			name = Products;
			sourceTree = "<group>";
		};
		FED097C629098D4B00ACB4D0 /* StoreKit-Purchases-Example */ = {
			isa = PBXGroup;
			children = (
				FED097C729098D4B00ACB4D0 /* AppDelegate.swift */,
				FED097C929098D4B00ACB4D0 /* SceneDelegate.swift */,
				FED097CB29098D4B00ACB4D0 /* ViewController.swift */,
				FED097CD29098D4B00ACB4D0 /* Main.storyboard */,
				FED097D329098D4D00ACB4D0 /* Assets.xcassets */,
				FED097D529098D4D00ACB4D0 /* LaunchScreen.storyboard */,
				FED097D829098D4D00ACB4D0 /* Info.plist */,
				FED097D029098D4B00ACB4D0 /* StoreKit_Purchases_Example.xcdatamodeld */,
			);
			path = "StoreKit-Purchases-Example";
			sourceTree = "<group>";
		};
		FED097E029098D4E00ACB4D0 /* StoreKit-Purchases-ExampleTests */ = {
			isa = PBXGroup;
			children = (
				FED097E129098D4E00ACB4D0 /* StoreKit_Purchases_ExampleTests.swift */,
			);
			path = "StoreKit-Purchases-ExampleTests";
			sourceTree = "<group>";
		};
		FED097EA29098D4E00ACB4D0 /* StoreKit-Purchases-ExampleUITests */ = {
			isa = PBXGroup;
			children = (
				FED097EB29098D4E00ACB4D0 /* StoreKit_Purchases_ExampleUITests.swift */,
				FED097ED29098D4E00ACB4D0 /* StoreKit_Purchases_ExampleUITestsLaunchTests.swift */,
			);
			path = "StoreKit-Purchases-ExampleUITests";
			sourceTree = "<group>";
		};
/* End PBXGroup section */

/* Begin PBXNativeTarget section */
		FED097C329098D4B00ACB4D0 /* StoreKit-Purchases-Example */ = {
			isa = PBXNativeTarget;
			buildConfigurationList = FED097F129098D4E00ACB4D0 /* Build configuration list for PBXNativeTarget "StoreKit-Purchases-Example" */;
			buildPhases = (
				FED097C029098D4B00ACB4D0 /* Sources */,
				FED097C129098D4B00ACB4D0 /* Frameworks */,
				FED097C229098D4B00ACB4D0 /* Resources */,
			);
			buildRules = (
			);
			dependencies = (
			);
			name = "StoreKit-Purchases-Example";
			productName = "StoreKit-Purchases-Example";
			productReference = FED097C429098D4B00ACB4D0 /* StoreKit-Purchases-Example.app */;
			productType = "com.apple.product-type.application";
		};
		FED097DC29098D4E00ACB4D0 /* StoreKit-Purchases-ExampleTests */ = {
			isa = PBXNativeTarget;
			buildConfigurationList = FED097F429098D4E00ACB4D0 /* Build configuration list for PBXNativeTarget "StoreKit-Purchases-ExampleTests" */;
			buildPhases = (
				FED097D929098D4E00ACB4D0 /* Sources */,
				FED097DA29098D4E00ACB4D0 /* Frameworks */,
				FED097DB29098D4E00ACB4D0 /* Resources */,
			);
			buildRules = (
			);
			dependencies = (
				FED097DF29098D4E00ACB4D0 /* PBXTargetDependency */,
			);
			name = "StoreKit-Purchases-ExampleTests";
			productName = "StoreKit-Purchases-ExampleTests";
			productReference = FED097DD29098D4E00ACB4D0 /* StoreKit-Purchases-ExampleTests.xctest */;
			productType = "com.apple.product-type.bundle.unit-test";
		};
		FED097E629098D4E00ACB4D0 /* StoreKit-Purchases-ExampleUITests */ = {
			isa = PBXNativeTarget;
			buildConfigurationList = FED097F729098D4E00ACB4D0 /* Build configuration list for PBXNativeTarget "StoreKit-Purchases-ExampleUITests" */;
			buildPhases = (
				FED097E329098D4E00ACB4D0 /* Sources */,
				FED097E429098D4E00ACB4D0 /* Frameworks */,
				FED097E529098D4E00ACB4D0 /* Resources */,
			);
			buildRules = (
			);
			dependencies = (
				FED097E929098D4E00ACB4D0 /* PBXTargetDependency */,
			);
			name = "StoreKit-Purchases-ExampleUITests";
			productName = "StoreKit-Purchases-ExampleUITests";
			productReference = FED097E729098D4E00ACB4D0 /* StoreKit-Purchases-ExampleUITests.xctest */;
			productType = "com.apple.product-type.bundle.ui-testing";
		};
/* End PBXNativeTarget section */

/* Begin PBXProject section */
		FED097BC29098D4B00ACB4D0 /* Project object */ = {
			isa = PBXProject;
			attributes = {
				BuildIndependentTargetsInParallel = 1;
				LastSwiftUpdateCheck = 1340;
				LastUpgradeCheck = 1340;
				TargetAttributes = {
					FED097C329098D4B00ACB4D0 = {
						CreatedOnToolsVersion = 13.4.1;
					};
					FED097DC29098D4E00ACB4D0 = {
						CreatedOnToolsVersion = 13.4.1;
						TestTargetID = FED097C329098D4B00ACB4D0;
					};
					FED097E629098D4E00ACB4D0 = {
						CreatedOnToolsVersion = 13.4.1;
						TestTargetID = FED097C329098D4B00ACB4D0;
					};
				};
			};
			buildConfigurationList = FED097BF29098D4B00ACB4D0 /* Build configuration list for PBXProject "StoreKit-Purchases-Example" */;
			compatibilityVersion = "Xcode 13.0";
			developmentRegion = en;
			hasScannedForEncodings = 0;
			knownRegions = (
				en,
				Base,
			);
			mainGroup = FED097BB29098D4B00ACB4D0;
			productRefGroup = FED097C529098D4B00ACB4D0 /* Products */;
			projectDirPath = "";
			projectRoot = "";
			targets = (
				FED097C329098D4B00ACB4D0 /* StoreKit-Purchases-Example */,
				FED097DC29098D4E00ACB4D0 /* StoreKit-Purchases-ExampleTests */,
				FED097E629098D4E00ACB4D0 /* StoreKit-Purchases-ExampleUITests */,
			);
		};
/* End PBXProject section */

/* Begin PBXResourcesBuildPhase section */
		FED097C229098D4B00ACB4D0 /* Resources */ = {
			isa = PBXResourcesBuildPhase;
			buildActionMask = 2147483647;
			files = (
				FED097D729098D4D00ACB4D0 /* LaunchScreen.storyboard in Resources */,
				FED097D429098D4D00ACB4D0 /* Assets.xcassets in Resources */,
				FED097CF29098D4B00ACB4D0 /* Main.storyboard in Resources */,
			);
			runOnlyForDeploymentPostprocessing = 0;
		};
		FED097DB29098D4E00ACB4D0 /* Resources */ = {
			isa = PBXResourcesBuildPhase;
			buildActionMask = 2147483647;
			files = (
			);
			runOnlyForDeploymentPostprocessing = 0;
		};
		FED097E529098D4E00ACB4D0 /* Resources */ = {
			isa = PBXResourcesBuildPhase;
			buildActionMask = 2147483647;
			files = (
			);
			runOnlyForDeploymentPostprocessing = 0;
		};
/* End PBXResourcesBuildPhase section */

/* Begin PBXSourcesBuildPhase section */
		FED097C029098D4B00ACB4D0 /* Sources */ = {
			isa = PBXSourcesBuildPhase;
			buildActionMask = 2147483647;
			files = (
				FED097D229098D4B00ACB4D0 /* StoreKit_Purchases_Example.xcdatamodeld in Sources */,
				FED097CC29098D4B00ACB4D0 /* ViewController.swift in Sources */,
				FED097C829098D4B00ACB4D0 /* AppDelegate.swift in Sources */,
				FED097CA29098D4B00ACB4D0 /* SceneDelegate.swift in Sources */,
			);
			runOnlyForDeploymentPostprocessing = 0;
		};
		FED097D929098D4E00ACB4D0 /* Sources */ = {
			isa = PBXSourcesBuildPhase;
			buildActionMask = 2147483647;
			files = (
				FED097E229098D4E00ACB4D0 /* StoreKit_Purchases_ExampleTests.swift in Sources */,
			);
			runOnlyForDeploymentPostprocessing = 0;
		};
		FED097E329098D4E00ACB4D0 /* Sources */ = {
			isa = PBXSourcesBuildPhase;
			buildActionMask = 2147483647;
			files = (
				FED097EC29098D4E00ACB4D0 /* StoreKit_Purchases_ExampleUITests.swift in Sources */,
				FED097EE29098D4E00ACB4D0 /* StoreKit_Purchases_ExampleUITestsLaunchTests.swift in Sources */,
			);
			runOnlyForDeploymentPostprocessing = 0;
		};
/* End PBXSourcesBuildPhase section */

/* Begin PBXTargetDependency section */
		FED097DF29098D4E00ACB4D0 /* PBXTargetDependency */ = {
			isa = PBXTargetDependency;
			target = FED097C329098D4B00ACB4D0 /* StoreKit-Purchases-Example */;
			targetProxy = FED097DE29098D4E00ACB4D0 /* PBXContainerItemProxy */;
		};
		FED097E929098D4E00ACB4D0 /* PBXTargetDependency */ = {
			isa = PBXTargetDependency;
			target = FED097C329098D4B00ACB4D0 /* StoreKit-Purchases-Example */;
			targetProxy = FED097E829098D4E00ACB4D0 /* PBXContainerItemProxy */;
		};
/* End PBXTargetDependency section */

/* Begin PBXVariantGroup section */
		FED097CD29098D4B00ACB4D0 /* Main.storyboard */ = {
			isa = PBXVariantGroup;
			children = (
				FED097CE29098D4B00ACB4D0 /* Base */,
			);
			name = Main.storyboard;
			sourceTree = "<group>";
		};
		FED097D529098D4D00ACB4D0 /* LaunchScreen.storyboard */ = {
			isa = PBXVariantGroup;
			children = (
				FED097D629098D4D00ACB4D0 /* Base */,
			);
			name = LaunchScreen.storyboard;
			sourceTree = "<group>";
		};
/* End PBXVariantGroup section */

/* Begin XCBuildConfiguration section */
		FED097EF29098D4E00ACB4D0 /* Debug */ = {
			isa = XCBuildConfiguration;
			buildSettings = {
				ALWAYS_SEARCH_USER_PATHS = NO;
				CLANG_ANALYZER_NONNULL = YES;
				CLANG_ANALYZER_NUMBER_OBJECT_CONVERSION = YES_AGGRESSIVE;
				CLANG_CXX_LANGUAGE_STANDARD = "gnu++17";
				CLANG_ENABLE_MODULES = YES;
				CLANG_ENABLE_OBJC_ARC = YES;
				CLANG_ENABLE_OBJC_WEAK = YES;
				CLANG_WARN_BLOCK_CAPTURE_AUTORELEASING = YES;
				CLANG_WARN_BOOL_CONVERSION = YES;
				CLANG_WARN_COMMA = YES;
				CLANG_WARN_CONSTANT_CONVERSION = YES;
				CLANG_WARN_DEPRECATED_OBJC_IMPLEMENTATIONS = YES;
				CLANG_WARN_DIRECT_OBJC_ISA_USAGE = YES_ERROR;
				CLANG_WARN_DOCUMENTATION_COMMENTS = YES;
				CLANG_WARN_EMPTY_BODY = YES;
				CLANG_WARN_ENUM_CONVERSION = YES;
				CLANG_WARN_INFINITE_RECURSION = YES;
				CLANG_WARN_INT_CONVERSION = YES;
				CLANG_WARN_NON_LITERAL_NULL_CONVERSION = YES;
				CLANG_WARN_OBJC_IMPLICIT_RETAIN_SELF = YES;
				CLANG_WARN_OBJC_LITERAL_CONVERSION = YES;
				CLANG_WARN_OBJC_ROOT_CLASS = YES_ERROR;
				CLANG_WARN_QUOTED_INCLUDE_IN_FRAMEWORK_HEADER = YES;
				CLANG_WARN_RANGE_LOOP_ANALYSIS = YES;
				CLANG_WARN_STRICT_PROTOTYPES = YES;
				CLANG_WARN_SUSPICIOUS_MOVE = YES;
				CLANG_WARN_UNGUARDED_AVAILABILITY = YES_AGGRESSIVE;
				CLANG_WARN_UNREACHABLE_CODE = YES;
				CLANG_WARN__DUPLICATE_METHOD_MATCH = YES;
				COPY_PHASE_STRIP = NO;
				DEBUG_INFORMATION_FORMAT = dwarf;
				ENABLE_STRICT_OBJC_MSGSEND = YES;
				ENABLE_TESTABILITY = YES;
				GCC_C_LANGUAGE_STANDARD = gnu11;
				GCC_DYNAMIC_NO_PIC = NO;
				GCC_NO_COMMON_BLOCKS = YES;
				GCC_OPTIMIZATION_LEVEL = 0;
				GCC_PREPROCESSOR_DEFINITIONS = (
					"DEBUG=1",
					"$(inherited)",
				);
				GCC_WARN_64_TO_32_BIT_CONVERSION = YES;
				GCC_WARN_ABOUT_RETURN_TYPE = YES_ERROR;
				GCC_WARN_UNDECLARED_SELECTOR = YES;
				GCC_WARN_UNINITIALIZED_AUTOS = YES_AGGRESSIVE;
				GCC_WARN_UNUSED_FUNCTION = YES;
				GCC_WARN_UNUSED_VARIABLE = YES;
				IPHONEOS_DEPLOYMENT_TARGET = 15.5;
				MTL_ENABLE_DEBUG_INFO = INCLUDE_SOURCE;
				MTL_FAST_MATH = YES;
				ONLY_ACTIVE_ARCH = YES;
				SDKROOT = iphoneos;
				SWIFT_ACTIVE_COMPILATION_CONDITIONS = DEBUG;
				SWIFT_OPTIMIZATION_LEVEL = "-Onone";
			};
			name = Debug;
		};
		FED097F029098D4E00ACB4D0 /* Release */ = {
			isa = XCBuildConfiguration;
			buildSettings = {
				ALWAYS_SEARCH_USER_PATHS = NO;
				CLANG_ANALYZER_NONNULL = YES;
				CLANG_ANALYZER_NUMBER_OBJECT_CONVERSION = YES_AGGRESSIVE;
				CLANG_CXX_LANGUAGE_STANDARD = "gnu++17";
				CLANG_ENABLE_MODULES = YES;
				CLANG_ENABLE_OBJC_ARC = YES;
				CLANG_ENABLE_OBJC_WEAK = YES;
				CLANG_WARN_BLOCK_CAPTURE_AUTORELEASING = YES;
				CLANG_WARN_BOOL_CONVERSION = YES;
				CLANG_WARN_COMMA = YES;
				CLANG_WARN_CONSTANT_CONVERSION = YES;
				CLANG_WARN_DEPRECATED_OBJC_IMPLEMENTATIONS = YES;
				CLANG_WARN_DIRECT_OBJC_ISA_USAGE = YES_ERROR;
				CLANG_WARN_DOCUMENTATION_COMMENTS = YES;
				CLANG_WARN_EMPTY_BODY = YES;
				CLANG_WARN_ENUM_CONVERSION = YES;
				CLANG_WARN_INFINITE_RECURSION = YES;
				CLANG_WARN_INT_CONVERSION = YES;
				CLANG_WARN_NON_LITERAL_NULL_CONVERSION = YES;
				CLANG_WARN_OBJC_IMPLICIT_RETAIN_SELF = YES;
				CLANG_WARN_OBJC_LITERAL_CONVERSION = YES;
				CLANG_WARN_OBJC_ROOT_CLASS = YES_ERROR;
				CLANG_WARN_QUOTED_INCLUDE_IN_FRAMEWORK_HEADER = YES;
				CLANG_WARN_RANGE_LOOP_ANALYSIS = YES;
				CLANG_WARN_STRICT_PROTOTYPES = YES;
				CLANG_WARN_SUSPICIOUS_MOVE = YES;
				CLANG_WARN_UNGUARDED_AVAILABILITY = YES_AGGRESSIVE;
				CLANG_WARN_UNREACHABLE_CODE = YES;
				CLANG_WARN__DUPLICATE_METHOD_MATCH = YES;
				COPY_PHASE_STRIP = NO;
				DEBUG_INFORMATION_FORMAT = "dwarf-with-dsym";
				ENABLE_NS_ASSERTIONS = NO;
				ENABLE_STRICT_OBJC_MSGSEND = YES;
				GCC_C_LANGUAGE_STANDARD = gnu11;
				GCC_NO_COMMON_BLOCKS = YES;
				GCC_WARN_64_TO_32_BIT_CONVERSION = YES;
				GCC_WARN_ABOUT_RETURN_TYPE = YES_ERROR;
				GCC_WARN_UNDECLARED_SELECTOR = YES;
				GCC_WARN_UNINITIALIZED_AUTOS = YES_AGGRESSIVE;
				GCC_WARN_UNUSED_FUNCTION = YES;
				GCC_WARN_UNUSED_VARIABLE = YES;
				IPHONEOS_DEPLOYMENT_TARGET = 15.5;
				MTL_ENABLE_DEBUG_INFO = NO;
				MTL_FAST_MATH = YES;
				SDKROOT = iphoneos;
				SWIFT_COMPILATION_MODE = wholemodule;
				SWIFT_OPTIMIZATION_LEVEL = "-O";
				VALIDATE_PRODUCT = YES;
			};
			name = Release;
		};
		FED097F229098D4E00ACB4D0 /* Debug */ = {
			isa = XCBuildConfiguration;
			buildSettings = {
				ASSETCATALOG_COMPILER_APPICON_NAME = AppIcon;
				ASSETCATALOG_COMPILER_GLOBAL_ACCENT_COLOR_NAME = AccentColor;
				CODE_SIGN_STYLE = Automatic;
				CURRENT_PROJECT_VERSION = 1;
				DEVELOPMENT_TEAM = 89H685KMM4;
				GENERATE_INFOPLIST_FILE = YES;
				INFOPLIST_FILE = "StoreKit-Purchases-Example/Info.plist";
				INFOPLIST_KEY_UIApplicationSupportsIndirectInputEvents = YES;
				INFOPLIST_KEY_UILaunchStoryboardName = LaunchScreen;
				INFOPLIST_KEY_UIMainStoryboardFile = Main;
				INFOPLIST_KEY_UISupportedInterfaceOrientations_iPad = "UIInterfaceOrientationPortrait UIInterfaceOrientationPortraitUpsideDown UIInterfaceOrientationLandscapeLeft UIInterfaceOrientationLandscapeRight";
				INFOPLIST_KEY_UISupportedInterfaceOrientations_iPhone = "UIInterfaceOrientationPortrait UIInterfaceOrientationLandscapeLeft UIInterfaceOrientationLandscapeRight";
				LD_RUNPATH_SEARCH_PATHS = (
					"$(inherited)",
					"@executable_path/Frameworks",
				);
				MARKETING_VERSION = 1.0;
				PRODUCT_BUNDLE_IDENTIFIER = "ltd.kmc-technologies.StoreKit-Purchases-Example";
				PRODUCT_NAME = "$(TARGET_NAME)";
				SWIFT_EMIT_LOC_STRINGS = YES;
				SWIFT_VERSION = 5.0;
				TARGETED_DEVICE_FAMILY = "1,2";
			};
			name = Debug;
		};
		FED097F329098D4E00ACB4D0 /* Release */ = {
			isa = XCBuildConfiguration;
			buildSettings = {
				ASSETCATALOG_COMPILER_APPICON_NAME = AppIcon;
				ASSETCATALOG_COMPILER_GLOBAL_ACCENT_COLOR_NAME = AccentColor;
				CODE_SIGN_STYLE = Automatic;
				CURRENT_PROJECT_VERSION = 1;
				DEVELOPMENT_TEAM = 89H685KMM4;
				GENERATE_INFOPLIST_FILE = YES;
				INFOPLIST_FILE = "StoreKit-Purchases-Example/Info.plist";
				INFOPLIST_KEY_UIApplicationSupportsIndirectInputEvents = YES;
				INFOPLIST_KEY_UILaunchStoryboardName = LaunchScreen;
				INFOPLIST_KEY_UIMainStoryboardFile = Main;
				INFOPLIST_KEY_UISupportedInterfaceOrientations_iPad = "UIInterfaceOrientationPortrait UIInterfaceOrientationPortraitUpsideDown UIInterfaceOrientationLandscapeLeft UIInterfaceOrientationLandscapeRight";
				INFOPLIST_KEY_UISupportedInterfaceOrientations_iPhone = "UIInterfaceOrientationPortrait UIInterfaceOrientationLandscapeLeft UIInterfaceOrientationLandscapeRight";
				LD_RUNPATH_SEARCH_PATHS = (
					"$(inherited)",
					"@executable_path/Frameworks",
				);
				MARKETING_VERSION = 1.0;
				PRODUCT_BUNDLE_IDENTIFIER = "ltd.kmc-technologies.StoreKit-Purchases-Example";
				PRODUCT_NAME = "$(TARGET_NAME)";
				SWIFT_EMIT_LOC_STRINGS = YES;
				SWIFT_VERSION = 5.0;
				TARGETED_DEVICE_FAMILY = "1,2";
			};
			name = Release;
		};
		FED097F529098D4E00ACB4D0 /* Debug */ = {
			isa = XCBuildConfiguration;
			buildSettings = {
				ALWAYS_EMBED_SWIFT_STANDARD_LIBRARIES = YES;
				BUNDLE_LOADER = "$(TEST_HOST)";
				CODE_SIGN_STYLE = Automatic;
				CURRENT_PROJECT_VERSION = 1;
				DEVELOPMENT_TEAM = 89H685KMM4;
				GENERATE_INFOPLIST_FILE = YES;
				IPHONEOS_DEPLOYMENT_TARGET = 15.5;
				MARKETING_VERSION = 1.0;
				PRODUCT_BUNDLE_IDENTIFIER = "ltd.kmc-technologies.StoreKit-Purchases-ExampleTests";
				PRODUCT_NAME = "$(TARGET_NAME)";
				SWIFT_EMIT_LOC_STRINGS = NO;
				SWIFT_VERSION = 5.0;
				TARGETED_DEVICE_FAMILY = "1,2";
				TEST_HOST = "$(BUILT_PRODUCTS_DIR)/StoreKit-Purchases-Example.app/StoreKit-Purchases-Example";
			};
			name = Debug;
		};
		FED097F629098D4E00ACB4D0 /* Release */ = {
			isa = XCBuildConfiguration;
			buildSettings = {
				ALWAYS_EMBED_SWIFT_STANDARD_LIBRARIES = YES;
				BUNDLE_LOADER = "$(TEST_HOST)";
				CODE_SIGN_STYLE = Automatic;
				CURRENT_PROJECT_VERSION = 1;
				DEVELOPMENT_TEAM = 89H685KMM4;
				GENERATE_INFOPLIST_FILE = YES;
				IPHONEOS_DEPLOYMENT_TARGET = 15.5;
				MARKETING_VERSION = 1.0;
				PRODUCT_BUNDLE_IDENTIFIER = "ltd.kmc-technologies.StoreKit-Purchases-ExampleTests";
				PRODUCT_NAME = "$(TARGET_NAME)";
				SWIFT_EMIT_LOC_STRINGS = NO;
				SWIFT_VERSION = 5.0;
				TARGETED_DEVICE_FAMILY = "1,2";
				TEST_HOST = "$(BUILT_PRODUCTS_DIR)/StoreKit-Purchases-Example.app/StoreKit-Purchases-Example";
			};
			name = Release;
		};
		FED097F829098D4E00ACB4D0 /* Debug */ = {
			isa = XCBuildConfiguration;
			buildSettings = {
				ALWAYS_EMBED_SWIFT_STANDARD_LIBRARIES = YES;
				CODE_SIGN_STYLE = Automatic;
				CURRENT_PROJECT_VERSION = 1;
				DEVELOPMENT_TEAM = 89H685KMM4;
				GENERATE_INFOPLIST_FILE = YES;
				MARKETING_VERSION = 1.0;
				PRODUCT_BUNDLE_IDENTIFIER = "ltd.kmc-technologies.StoreKit-Purchases-ExampleUITests";
				PRODUCT_NAME = "$(TARGET_NAME)";
				SWIFT_EMIT_LOC_STRINGS = NO;
				SWIFT_VERSION = 5.0;
				TARGETED_DEVICE_FAMILY = "1,2";
				TEST_TARGET_NAME = "StoreKit-Purchases-Example";
			};
			name = Debug;
		};
		FED097F929098D4E00ACB4D0 /* Release */ = {
			isa = XCBuildConfiguration;
			buildSettings = {
				ALWAYS_EMBED_SWIFT_STANDARD_LIBRARIES = YES;
				CODE_SIGN_STYLE = Automatic;
				CURRENT_PROJECT_VERSION = 1;
				DEVELOPMENT_TEAM = 89H685KMM4;
				GENERATE_INFOPLIST_FILE = YES;
				MARKETING_VERSION = 1.0;
				PRODUCT_BUNDLE_IDENTIFIER = "ltd.kmc-technologies.StoreKit-Purchases-ExampleUITests";
				PRODUCT_NAME = "$(TARGET_NAME)";
				SWIFT_EMIT_LOC_STRINGS = NO;
				SWIFT_VERSION = 5.0;
				TARGETED_DEVICE_FAMILY = "1,2";
				TEST_TARGET_NAME = "StoreKit-Purchases-Example";
			};
			name = Release;
		};
/* End XCBuildConfiguration section */

/* Begin XCConfigurationList section */
		FED097BF29098D4B00ACB4D0 /* Build configuration list for PBXProject "StoreKit-Purchases-Example" */ = {
			isa = XCConfigurationList;
			buildConfigurations = (
				FED097EF29098D4E00ACB4D0 /* Debug */,
				FED097F029098D4E00ACB4D0 /* Release */,
			);
			defaultConfigurationIsVisible = 0;
			defaultConfigurationName = Release;
		};
		FED097F129098D4E00ACB4D0 /* Build configuration list for PBXNativeTarget "StoreKit-Purchases-Example" */ = {
			isa = XCConfigurationList;
			buildConfigurations = (
				FED097F229098D4E00ACB4D0 /* Debug */,
				FED097F329098D4E00ACB4D0 /* Release */,
			);
			defaultConfigurationIsVisible = 0;
			defaultConfigurationName = Release;
		};
		FED097F429098D4E00ACB4D0 /* Build configuration list for PBXNativeTarget "StoreKit-Purchases-ExampleTests" */ = {
			isa = XCConfigurationList;
			buildConfigurations = (
				FED097F529098D4E00ACB4D0 /* Debug */,
				FED097F629098D4E00ACB4D0 /* Release */,
			);
			defaultConfigurationIsVisible = 0;
			defaultConfigurationName = Release;
		};
		FED097F729098D4E00ACB4D0 /* Build configuration list for PBXNativeTarget "StoreKit-Purchases-ExampleUITests" */ = {
			isa = XCConfigurationList;
			buildConfigurations = (
				FED097F829098D4E00ACB4D0 /* Debug */,
				FED097F929098D4E00ACB4D0 /* Release */,
			);
			defaultConfigurationIsVisible = 0;
			defaultConfigurationName = Release;
		};
/* End XCConfigurationList section */

/* Begin XCVersionGroup section */
		FED097D029098D4B00ACB4D0 /* StoreKit_Purchases_Example.xcdatamodeld */ = {
			isa = XCVersionGroup;
			children = (
				FED097D129098D4B00ACB4D0 /* StoreKit_Purchases_Example.xcdatamodel */,
			);
			currentVersion = FED097D129098D4B00ACB4D0 /* StoreKit_Purchases_Example.xcdatamodel */;
			path = StoreKit_Purchases_Example.xcdatamodeld;
			sourceTree = "<group>";
			versionGroupType = wrapper.xcdatamodel;
		};
/* End XCVersionGroup section */
	};
	rootObject = FED097BC29098D4B00ACB4D0 /* Project object */;
}
